{
  "name": "okta-cli-site",
  "version": "1.0.0",
  "lockfileVersion": 2,
  "requires": true,
  "packages": {
    "": {
      "name": "okta-cli-site",
      "version": "1.0.0",
      "dependencies": {
        "@primer/css": "^20.1.1"
      }
    },
    "node_modules/@primer/css": {
      "version": "20.1.1",
      "resolved": "https://registry.npmjs.org/@primer/css/-/css-20.1.1.tgz",
      "integrity": "sha512-Aah6qa9SCkEqVeauF+q+AUg29Bq5Ut8l6aYP9v5mt8IK9l0uHowpMcOeA+ERy4wSOGhHkn2zOe9M0qQTlVvhzg==",
      "dependencies": {
        "@primer/primitives": "^7.8.3"
      },
      "engines": {
        "node": "^12.20.0 || ^14.13.1 || >=16.0.0"
      }
    },
    "node_modules/@primer/primitives": {
      "version": "7.8.3",
      "resolved": "https://registry.npmjs.org/@primer/primitives/-/primitives-7.8.3.tgz",
      "integrity": "sha512-04ZwfJhpZ0QFwDrJfCuLX6iOh0BflWDTvuoRA80lQH9xk0RtIg16INbruwwtnbSgnKKXXRSykRRJ5BbxnqufRA=="
    }
  },
  "dependencies": {
    "@primer/css": {
      "version": "20.1.1",
      "resolved": "https://registry.npmjs.org/@primer/css/-/css-20.1.1.tgz",
      "integrity": "sha512-Aah6qa9SCkEqVeauF+q+AUg29Bq5Ut8l6aYP9v5mt8IK9l0uHowpMcOeA+ERy4wSOGhHkn2zOe9M0qQTlVvhzg==",
      "requires": {
        "@primer/primitives": "^7.8.3"
      }
    },
    "@primer/primitives": {
      "version": "7.8.3",
      "resolved": "https://registry.npmjs.org/@primer/primitives/-/primitives-7.8.3.tgz",
      "integrity": "sha512-04ZwfJhpZ0QFwDrJfCuLX6iOh0BflWDTvuoRA80lQH9xk0RtIg16INbruwwtnbSgnKKXXRSykRRJ5BbxnqufRA=="
    }
  }
}
