{
  "name": "okta-cli-site",
  "version": "1.0.0",
  "lockfileVersion": 2,
  "requires": true,
  "packages": {
    "": {
      "name": "okta-cli-site",
      "version": "1.0.0",
      "dependencies": {
        "@primer/css": "^19.8.2"
      }
    },
    "node_modules/@primer/css": {
      "version": "19.8.2",
      "resolved": "https://registry.npmjs.org/@primer/css/-/css-19.8.2.tgz",
      "integrity": "sha512-Zjgk0asxDVj+QY8Ej3DLeJHEMzxlW4ejwmtUk3QzwUJG6R1FzCuGzrTuEN2hFugsvlPDVd1geeKfiskLEjkfOQ==",
      "dependencies": {
        "@primer/primitives": "^7.7.0"
      },
      "engines": {
        "node": "^12.20.0 || ^14.13.1 || >=16.0.0"
      }
    },
    "node_modules/@primer/primitives": {
      "version": "7.7.0",
      "resolved": "https://registry.npmjs.org/@primer/primitives/-/primitives-7.7.0.tgz",
      "integrity": "sha512-LSd96U2/A70obilbdYiEKI8D/wXUtZnKmUI/ScLOlGDju4iuwd3pJsmFoBwM1Us6vV23V6mapIG+lh27RzauaA=="
    }
  },
  "dependencies": {
    "@primer/css": {
      "version": "19.8.2",
      "resolved": "https://registry.npmjs.org/@primer/css/-/css-19.8.2.tgz",
      "integrity": "sha512-Zjgk0asxDVj+QY8Ej3DLeJHEMzxlW4ejwmtUk3QzwUJG6R1FzCuGzrTuEN2hFugsvlPDVd1geeKfiskLEjkfOQ==",
      "requires": {
        "@primer/primitives": "^7.7.0"
      }
    },
    "@primer/primitives": {
      "version": "7.7.0",
      "resolved": "https://registry.npmjs.org/@primer/primitives/-/primitives-7.7.0.tgz",
      "integrity": "sha512-LSd96U2/A70obilbdYiEKI8D/wXUtZnKmUI/ScLOlGDju4iuwd3pJsmFoBwM1Us6vV23V6mapIG+lh27RzauaA=="
    }
  }
}
